{
    "_meta": {
        "hash": {
            "sha256": "7e6dca07b964c2888324e576ba6c1bc240d74a27b75619fc88bca2ee3979baf8"
        },
        "pipfile-spec": 6,
        "requires": {
            "python_version": "3.10"
        },
        "sources": [
            {
                "name": "pypi",
                "url": "https://pypi.org/simple",
                "verify_ssl": true
            }
        ]
    },
    "default": {
        "asgiref": {
            "hashes": [
                "sha256:1d2880b792ae8757289136f1db2b7b99100ce959b2aa57fd69dab783d05afac4",
                "sha256:4a29362a6acebe09bf1d6640db38c1dc3d9217c68e6f9f6204d72667fc19a424"
            ],
            "markers": "python_version >= '3.7'",
            "version": "==3.5.2"
        },
        "boto": {
            "hashes": [
                "sha256:147758d41ae7240dc989f0039f27da8ca0d53734be0eb869ef16e3adcfa462e8",
                "sha256:ea0d3b40a2d852767be77ca343b58a9e3a4b00d9db440efb8da74b4e58025e5a"
            ],
            "index": "pypi",
            "version": "==2.49.0"
        },
        "boto3": {
            "hashes": [
                "sha256:170eab4a87592741933b6f8a02c3a6a8664162ef33bb12a2c2b4d431490d9ac2",
                "sha256:81139cc9da154a1672c7dd92da1678cae0ea1601a3e1f0394c6cd010eab1acb6"
            ],
            "markers": "python_version >= '3.7'",
            "version": "==1.25.0"
        },
        "botocore": {
            "hashes": [
                "sha256:5bc426647da9f7739b73b1ffb5fce37fb3691c3c66dd772bf541dc19f8da2f43",
                "sha256:75a4082543e2c1b005ccde90af87d0969003db06c3fcbe8a7854ddaa8d68fafb"
            ],
            "markers": "python_version >= '3.7'",
            "version": "==1.28.0"
        },
        "django": {
            "hashes": [
                "sha256:26dc24f99c8956374a054bcbf58aab8dc0cad2e6ac82b0fe036b752c00eee793",
                "sha256:b8d843714810ab88d59344507d4447be8b2cf12a49031363b6eed9f1b9b2280f"
            ],
            "index": "pypi",
            "version": "==4.1.2"
        },
        "django-ses": {
            "hashes": [
                "sha256:6c9e56b610317ed16701951870e6b498d04bbc4aba46d957917585580803d182",
                "sha256:87c57bb30f54cec4774871b86e587d92976a42da53508f5d790bffc630545611"
            ],
            "index": "pypi",
            "version": "==3.2.0"
        },
        "django-smtp-ssl": {
            "hashes": [
                "sha256:282863d5905e03686b6555ac788aa732842695d6f9cf1dcfa66d898abb7565d0"
            ],
            "index": "pypi",
            "version": "==1.0"
        },
        "jmespath": {
            "hashes": [
                "sha256:02e2e4cc71b5bcab88332eebf907519190dd9e6e82107fa7f83b1003a6252980",
                "sha256:90261b206d6defd58fdd5e85f478bf633a2901798906be2ad389150c5c60edbe"
            ],
            "markers": "python_version >= '3.7'",
            "version": "==1.0.1"
        },
        "python-dateutil": {
            "hashes": [
                "sha256:0123cacc1627ae19ddf3c27a5de5bd67ee4586fbdd6440d9748f8abb483d3e86",
                "sha256:961d03dc3453ebbc59dbdea9e4e11c5651520a876d0f4db161e8674aae935da9"
            ],
            "markers": "python_version >= '2.7' and python_version not in '3.0, 3.1, 3.2, 3.3'",
            "version": "==2.8.2"
        },
        "pytz": {
            "hashes": [
                "sha256:335ab46900b1465e714b4fda4963d87363264eb662aab5e65da039c25f1f5b22",
                "sha256:c4d88f472f54d615e9cd582a5004d1e5f624854a6a27a6211591c251f22a6914"
            ],
            "version": "==2022.5"
        },
        "s3transfer": {
            "hashes": [
                "sha256:06176b74f3a15f61f1b4f25a1fc29a4429040b7647133a463da8fa5bd28d5ecd",
                "sha256:2ed07d3866f523cc561bf4a00fc5535827981b117dd7876f036b0c1aca42c947"
            ],
            "markers": "python_version >= '3.7'",
            "version": "==0.6.0"
        },
        "six": {
            "hashes": [
                "sha256:1e61c37477a1626458e36f7b1d82aa5c9b094fa4802892072e49de9c60c4c926",
                "sha256:8abb2f1d86890a2dfb989f9a77cfcfd3e47c2a354b01111771326f8aa26e0254"
            ],
            "markers": "python_version >= '2.7' and python_version not in '3.0, 3.1, 3.2, 3.3'",
            "version": "==1.16.0"
        },
        "sqlparse": {
            "hashes": [
                "sha256:0323c0ec29cd52bceabc1b4d9d579e311f3e4961b98d174201d5622a23b85e34",
                "sha256:69ca804846bb114d2ec380e4360a8a340db83f0ccf3afceeb1404df028f57268"
            ],
            "markers": "python_version >= '3.5'",
            "version": "==0.4.3"
        },
        "urllib3": {
            "hashes": [
                "sha256:3fa96cf423e6987997fc326ae8df396db2a8b7c667747d47ddd8ecba91f4a74e",
                "sha256:b930dd878d5a8afb066a637fbb35144fe7901e3b209d1cd4f524bd0e9deee997"
            ],
            "markers": "python_version >= '2.7' and python_version not in '3.0, 3.1, 3.2, 3.3, 3.4, 3.5' and python_version < '4'",
            "version": "==1.26.12"
        }
    },
    "develop": {}
}
